{
  "name": "@moon-base/element",
  "version": "1.0.0",
  "lockfileVersion": 1,
  "requires": true,
  "dependencies": {
    "classnames": {
      "version": "2.3.1",
      "resolved": "http://npm.dc.servyou-it.com/classnames/-/classnames-2.3.1.tgz",
      "integrity": "sha1-38+jiR4wbsHa0QXQ6I9EF7hTXo4="
    },
    "pdfjs-dist": {
      "version": "2.13.216",
      "resolved": "http://npm.dc.servyou-it.com/pdfjs-dist/-/pdfjs-dist-2.13.216.tgz",
      "integrity": "sha512-qn/9a/3IHIKZarTK6ajeeFXBkG15Lg1Fx99PxU09PAU2i874X8mTcHJYyDJxu7WDfNhV6hM7bRQBZU384anoqQ==",
      "requires": {
        "web-streams-polyfill": "^3.2.0"
      }
    },
    "web-streams-polyfill": {
      "version": "3.2.1",
      "resolved": "http://npm.dc.servyou-it.com/web-streams-polyfill/-/web-streams-polyfill-3.2.1.tgz",
      "integrity": "sha512-e0MO3wdXWKrLbL0DgGnUV7WHVuw9OUvL4hjgnPkIeEvESk74gAITi5G606JtZPp39cd8HA9VQzCIvA49LpPN5Q=="
    }
  }
}
