{
  "name": "@moon-base/element",
  "version": "1.0.0",
  "lockfileVersion": 1,
  "requires": true,
  "dependencies": {
    "classnames": {
      "version": "2.3.1",
      "resolved": "http://npm.dc.servyou-it.com/classnames/-/classnames-2.3.1.tgz",
      "integrity": "sha1-38+jiR4wbsHa0QXQ6I9EF7hTXo4="
    }
  }
}
